Microsoft Visual Studio Solution File, Format Version 12.00
# Visual Studio Version 17
VisualStudioVersion = 17.12.35514.174
MinimumVisualStudioVersion = 10.0.40219.1
Project("{FAE04EC0-301F-11D3-BF4B-00C04F79EFBC}") = "BaseApp.Tests", "BaseApp.Tests\BaseApp.Tests.csproj", "{001D6168-EC8C-436C-B486-8B48751FD724}"
EndProject
Project("{FAE04EC0-301F-11D3-BF4B-00C04F79EFBC}") = "BaseApp.ServiceProvider", "BaseApp.ServiceProvider\BaseApp.ServiceProvider.csproj", "{177AFF3A-70CD-4E6B-B208-A80D9EE048C6}"
EndProject
Project("{FAE04EC0-301F-11D3-BF4B-00C04F79EFBC}") = "BaseApp.Data", "BaseApp.Data\BaseApp.Data.csproj", "{ECE0B20C-F099-4CC7-921B-4C10B98CD936}"
EndProject
Project("{FAE04EC0-301F-11D3-BF4B-00C04F79EFBC}") = "BaseApp.API", "BaseApp.API\BaseApp.API.csproj", "{3C8D370B-D149-4146-BA9F-7A8C1FD144AB}"
EndProject
Project("{FAE04EC0-301F-11D3-BF4B-00C04F79EFBC}") = "BaseApp.Shared", "BaseApp.Shared\BaseApp.Shared.csproj", "{9B6A380B-5FAC-4A24-A113-640979A805AA}"
EndProject
Project("{FAE04EC0-301F-11D3-BF4B-00C04F79EFBC}") = "BaseApp.Web", "BaseApp.Web\BaseApp.Web.csproj", "{8AA56136-7376-4511-A919-EA36C1FA6EDA}"
EndProject
Global
	GlobalSection(SolutionConfigurationPlatforms) = preSolution
		Debug|Any CPU = Debug|Any CPU
		Release|Any CPU = Release|Any CPU
	EndGlobalSection
	GlobalSection(ProjectConfigurationPlatforms) = postSolution
		{001D6168-EC8C-436C-B486-8B48751FD724}.Debug|Any CPU.ActiveCfg = Debug|Any CPU
		{001D6168-EC8C-436C-B486-8B48751FD724}.Debug|Any CPU.Build.0 = Debug|Any CPU
		{001D6168-EC8C-436C-B486-8B48751FD724}.Release|Any CPU.ActiveCfg = Release|Any CPU
		{001D6168-EC8C-436C-B486-8B48751FD724}.Release|Any CPU.Build.0 = Release|Any CPU
		{177AFF3A-70CD-4E6B-B208-A80D9EE048C6}.Debug|Any CPU.ActiveCfg = Debug|Any CPU
		{177AFF3A-70CD-4E6B-B208-A80D9EE048C6}.Debug|Any CPU.Build.0 = Debug|Any CPU
		{177AFF3A-70CD-4E6B-B208-A80D9EE048C6}.Release|Any CPU.ActiveCfg = Release|Any CPU
		{177AFF3A-70CD-4E6B-B208-A80D9EE048C6}.Release|Any CPU.Build.0 = Release|Any CPU
		{ECE0B20C-F099-4CC7-921B-4C10B98CD936}.Debug|Any CPU.ActiveCfg = Debug|Any CPU
		{ECE0B20C-F099-4CC7-921B-4C10B98CD936}.Debug|Any CPU.Build.0 = Debug|Any CPU
		{ECE0B20C-F099-4CC7-921B-4C10B98CD936}.Release|Any CPU.ActiveCfg = Release|Any CPU
		{ECE0B20C-F099-4CC7-921B-4C10B98CD936}.Release|Any CPU.Build.0 = Release|Any CPU
		{3C8D370B-D149-4146-BA9F-7A8C1FD144AB}.Debug|Any CPU.ActiveCfg = Debug|Any CPU
		{3C8D370B-D149-4146-BA9F-7A8C1FD144AB}.Debug|Any CPU.Build.0 = Debug|Any CPU
		{3C8D370B-D149-4146-BA9F-7A8C1FD144AB}.Release|Any CPU.ActiveCfg = Release|Any CPU
		{3C8D370B-D149-4146-BA9F-7A8C1FD144AB}.Release|Any CPU.Build.0 = Release|Any CPU
		{9B6A380B-5FAC-4A24-A113-640979A805AA}.Debug|Any CPU.ActiveCfg = Debug|Any CPU
		{9B6A380B-5FAC-4A24-A113-640979A805AA}.Debug|Any CPU.Build.0 = Debug|Any CPU
		{9B6A380B-5FAC-4A24-A113-640979A805AA}.Release|Any CPU.ActiveCfg = Release|Any CPU
		{9B6A380B-5FAC-4A24-A113-640979A805AA}.Release|Any CPU.Build.0 = Release|Any CPU
		{8AA56136-7376-4511-A919-EA36C1FA6EDA}.Debug|Any CPU.ActiveCfg = Debug|Any CPU
		{8AA56136-7376-4511-A919-EA36C1FA6EDA}.Debug|Any CPU.Build.0 = Debug|Any CPU
		{8AA56136-7376-4511-A919-EA36C1FA6EDA}.Release|Any CPU.ActiveCfg = Release|Any CPU
		{8AA56136-7376-4511-A919-EA36C1FA6EDA}.Release|Any CPU.Build.0 = Release|Any CPU
	EndGlobalSection
	GlobalSection(SolutionProperties) = preSolution
		HideSolutionNode = FALSE
	EndGlobalSection
EndGlobal
